
Microsoft Visual Studio Solution File, Format Version 12.00
# Visual Studio Version 17
VisualStudioVersion = 17.4.33403.182
MinimumVisualStudioVersion = 10.0.40219.1
Project("{AA6C8D78-22FF-423A-9C7C-5F2393824E04}") = "WebserviceExample", "WebserviceExample\WebserviceExample.xsproj", "{F68605AE-041C-46F9-814B-96E884001129}"
EndProject
Global
	GlobalSection(SolutionConfigurationPlatforms) = preSolution
		Debug|Any CPU = Debug|Any CPU
		Release|Any CPU = Release|Any CPU
	EndGlobalSection
	GlobalSection(ProjectConfigurationPlatforms) = postSolution
		{F68605AE-041C-46F9-814B-96E884001129}.Debug|Any CPU.ActiveCfg = Debug|Any CPU
		{F68605AE-041C-46F9-814B-96E884001129}.Debug|Any CPU.Build.0 = Debug|Any CPU
		{F68605AE-041C-46F9-814B-96E884001129}.Release|Any CPU.ActiveCfg = Release|Any CPU
		{F68605AE-041C-46F9-814B-96E884001129}.Release|Any CPU.Build.0 = Release|Any CPU
	EndGlobalSection
	GlobalSection(SolutionProperties) = preSolution
		HideSolutionNode = FALSE
	EndGlobalSection
	GlobalSection(ExtensibilityGlobals) = postSolution
		SolutionGuid = {054E350C-A704-447D-9BFB-A8D75FE2C9D8}
	EndGlobalSection
EndGlobal
