
Microsoft Visual Studio Solution File, Format Version 12.00
# Visual Studio Version 17
VisualStudioVersion = 17.4.33403.182
MinimumVisualStudioVersion = 10.0.40219.1
Project("{AA6C8D78-22FF-423A-9C7C-5F2393824E04}") = "HelloWorldLib_MsUnitTest", "HellWorld_MsUnitTest\HelloWorldLib_MsUnitTest.xsproj", "{733A8E6B-E238-4A76-A6D3-71B3B39D8F91}"
EndProject
Project("{AA6C8D78-22FF-423A-9C7C-5F2393824E04}") = "HelloWorldLib", "HelloWorldLib\HelloWorldLib.xsproj", "{0FED1887-08EF-4C1F-A284-8CC1EB11B304}"
EndProject
Global
	GlobalSection(SolutionConfigurationPlatforms) = preSolution
		Debug|Any CPU = Debug|Any CPU
		Release|Any CPU = Release|Any CPU
	EndGlobalSection
	GlobalSection(ProjectConfigurationPlatforms) = postSolution
		{733A8E6B-E238-4A76-A6D3-71B3B39D8F91}.Debug|Any CPU.ActiveCfg = Debug|Any CPU
		{733A8E6B-E238-4A76-A6D3-71B3B39D8F91}.Debug|Any CPU.Build.0 = Debug|Any CPU
		{733A8E6B-E238-4A76-A6D3-71B3B39D8F91}.Release|Any CPU.ActiveCfg = Release|Any CPU
		{733A8E6B-E238-4A76-A6D3-71B3B39D8F91}.Release|Any CPU.Build.0 = Release|Any CPU
		{0FED1887-08EF-4C1F-A284-8CC1EB11B304}.Debug|Any CPU.ActiveCfg = Debug|Any CPU
		{0FED1887-08EF-4C1F-A284-8CC1EB11B304}.Debug|Any CPU.Build.0 = Debug|Any CPU
		{0FED1887-08EF-4C1F-A284-8CC1EB11B304}.Release|Any CPU.ActiveCfg = Release|Any CPU
		{0FED1887-08EF-4C1F-A284-8CC1EB11B304}.Release|Any CPU.Build.0 = Release|Any CPU
	EndGlobalSection
	GlobalSection(SolutionProperties) = preSolution
		HideSolutionNode = FALSE
	EndGlobalSection
	GlobalSection(ExtensibilityGlobals) = postSolution
		SolutionGuid = {A0633C1B-6B45-44D1-BCA1-EA19965B867A}
	EndGlobalSection
EndGlobal
